
Microsoft Visual Studio Solution File, Format Version 12.00
# Visual Studio Version 17
VisualStudioVersion = 17.0.31903.59
MinimumVisualStudioVersion = 10.0.40219.1
Project("{2150E333-8FDC-42A3-9474-1A3956D46DE8}") = "src", "src", "{2477CBDA-F36C-49EB-B03F-A4FE644450F9}"
EndProject
Project("{FAE04EC0-301F-11D3-BF4B-00C04F79EFBC}") = "Jackson.Ideas.Api", "src\Jackson.Ideas.Api\Jackson.Ideas.Api.csproj", "{FAE1F62D-459E-41B5-9DA1-BA043971C822}"
EndProject
Project("{FAE04EC0-301F-11D3-BF4B-00C04F79EFBC}") = "Jackson.Ideas.Core", "src\Jackson.Ideas.Core\Jackson.Ideas.Core.csproj", "{392CBA1C-C6C8-40A0-B561-5D76CE4EF703}"
EndProject
Project("{FAE04EC0-301F-11D3-BF4B-00C04F79EFBC}") = "Jackson.Ideas.Infrastructure", "src\Jackson.Ideas.Infrastructure\Jackson.Ideas.Infrastructure.csproj", "{805EDFD1-70AA-4FBB-AADC-4F24F32484F9}"
EndProject
Project("{FAE04EC0-301F-11D3-BF4B-00C04F79EFBC}") = "Jackson.Ideas.Application", "src\Jackson.Ideas.Application\Jackson.Ideas.Application.csproj", "{282743D9-2F13-43F1-9617-52CA5BD52F1F}"
EndProject
Project("{FAE04EC0-301F-11D3-BF4B-00C04F79EFBC}") = "Jackson.Ideas.Shared", "src\Jackson.Ideas.Shared\Jackson.Ideas.Shared.csproj", "{E4714ED0-4695-4543-B02E-87C537A2F72C}"
EndProject
Project("{2150E333-8FDC-42A3-9474-1A3956D46DE8}") = "tests", "tests", "{2E9A83DD-3E1E-40C3-91E8-6D83B0E18633}"
EndProject
Project("{FAE04EC0-301F-11D3-BF4B-00C04F79EFBC}") = "Jackson.Ideas.Api.Tests", "tests\Jackson.Ideas.Api.Tests\Jackson.Ideas.Api.Tests.csproj", "{DE60493D-1D3F-4489-97E7-FF9C51D36DA1}"
EndProject
Project("{FAE04EC0-301F-11D3-BF4B-00C04F79EFBC}") = "Jackson.Ideas.Core.Tests", "tests\Jackson.Ideas.Core.Tests\Jackson.Ideas.Core.Tests.csproj", "{9825966C-6D32-47F6-9C40-4A50EBB6DBC0}"
EndProject
Project("{FAE04EC0-301F-11D3-BF4B-00C04F79EFBC}") = "Jackson.Ideas.Application.Tests", "tests\Jackson.Ideas.Application.Tests\Jackson.Ideas.Application.Tests.csproj", "{48E7E6FF-5098-42DE-9606-C2447ED88150}"
EndProject
Project("{FAE04EC0-301F-11D3-BF4B-00C04F79EFBC}") = "Jackson.Ideas.Infrastructure.Tests", "tests\Jackson.Ideas.Infrastructure.Tests\Jackson.Ideas.Infrastructure.Tests.csproj", "{D39F7CB7-7DE9-4620-B65B-3DDEDF73F081}"
EndProject
Project("{FAE04EC0-301F-11D3-BF4B-00C04F79EFBC}") = "Jackson.Ideas.Web", "src\Jackson.Ideas.Web\Jackson.Ideas.Web.csproj", "{3993AC4C-0BA2-4550-B42C-0D7BF14B5E04}"
EndProject
Project("{FAE04EC0-301F-11D3-BF4B-00C04F79EFBC}") = "Jackson.Ideas.Mock", "src\Jackson.Ideas.Mock\Jackson.Ideas.Mock.csproj", "{EC5333B9-651B-4D10-A6E8-66D3709209AF}"
EndProject
Project("{FAE04EC0-301F-11D3-BF4B-00C04F79EFBC}") = "Jackson.Ideas.Mock.Tests", "tests\Jackson.Ideas.Mock.Tests\Jackson.Ideas.Mock.Tests.csproj", "{6315AEC0-EFC8-95A8-45E5-75EEEF3AA1D5}"
EndProject
Global
	GlobalSection(SolutionConfigurationPlatforms) = preSolution
		Debug|Any CPU = Debug|Any CPU
		Debug|x64 = Debug|x64
		Debug|x86 = Debug|x86
		Release|Any CPU = Release|Any CPU
		Release|x64 = Release|x64
		Release|x86 = Release|x86
	EndGlobalSection
	GlobalSection(ProjectConfigurationPlatforms) = postSolution
		{FAE1F62D-459E-41B5-9DA1-BA043971C822}.Debug|Any CPU.ActiveCfg = Debug|Any CPU
		{FAE1F62D-459E-41B5-9DA1-BA043971C822}.Debug|Any CPU.Build.0 = Debug|Any CPU
		{FAE1F62D-459E-41B5-9DA1-BA043971C822}.Debug|x64.ActiveCfg = Debug|Any CPU
		{FAE1F62D-459E-41B5-9DA1-BA043971C822}.Debug|x64.Build.0 = Debug|Any CPU
		{FAE1F62D-459E-41B5-9DA1-BA043971C822}.Debug|x86.ActiveCfg = Debug|Any CPU
		{FAE1F62D-459E-41B5-9DA1-BA043971C822}.Debug|x86.Build.0 = Debug|Any CPU
		{FAE1F62D-459E-41B5-9DA1-BA043971C822}.Release|Any CPU.ActiveCfg = Release|Any CPU
		{FAE1F62D-459E-41B5-9DA1-BA043971C822}.Release|Any CPU.Build.0 = Release|Any CPU
		{FAE1F62D-459E-41B5-9DA1-BA043971C822}.Release|x64.ActiveCfg = Release|Any CPU
		{FAE1F62D-459E-41B5-9DA1-BA043971C822}.Release|x64.Build.0 = Release|Any CPU
		{FAE1F62D-459E-41B5-9DA1-BA043971C822}.Release|x86.ActiveCfg = Release|Any CPU
		{FAE1F62D-459E-41B5-9DA1-BA043971C822}.Release|x86.Build.0 = Release|Any CPU
		{392CBA1C-C6C8-40A0-B561-5D76CE4EF703}.Debug|Any CPU.ActiveCfg = Debug|Any CPU
		{392CBA1C-C6C8-40A0-B561-5D76CE4EF703}.Debug|Any CPU.Build.0 = Debug|Any CPU
		{392CBA1C-C6C8-40A0-B561-5D76CE4EF703}.Debug|x64.ActiveCfg = Debug|Any CPU
		{392CBA1C-C6C8-40A0-B561-5D76CE4EF703}.Debug|x64.Build.0 = Debug|Any CPU
		{392CBA1C-C6C8-40A0-B561-5D76CE4EF703}.Debug|x86.ActiveCfg = Debug|Any CPU
		{392CBA1C-C6C8-40A0-B561-5D76CE4EF703}.Debug|x86.Build.0 = Debug|Any CPU
		{392CBA1C-C6C8-40A0-B561-5D76CE4EF703}.Release|Any CPU.ActiveCfg = Release|Any CPU
		{392CBA1C-C6C8-40A0-B561-5D76CE4EF703}.Release|Any CPU.Build.0 = Release|Any CPU
		{392CBA1C-C6C8-40A0-B561-5D76CE4EF703}.Release|x64.ActiveCfg = Release|Any CPU
		{392CBA1C-C6C8-40A0-B561-5D76CE4EF703}.Release|x64.Build.0 = Release|Any CPU
		{392CBA1C-C6C8-40A0-B561-5D76CE4EF703}.Release|x86.ActiveCfg = Release|Any CPU
		{392CBA1C-C6C8-40A0-B561-5D76CE4EF703}.Release|x86.Build.0 = Release|Any CPU
		{805EDFD1-70AA-4FBB-AADC-4F24F32484F9}.Debug|Any CPU.ActiveCfg = Debug|Any CPU
		{805EDFD1-70AA-4FBB-AADC-4F24F32484F9}.Debug|Any CPU.Build.0 = Debug|Any CPU
		{805EDFD1-70AA-4FBB-AADC-4F24F32484F9}.Debug|x64.ActiveCfg = Debug|Any CPU
		{805EDFD1-70AA-4FBB-AADC-4F24F32484F9}.Debug|x64.Build.0 = Debug|Any CPU
		{805EDFD1-70AA-4FBB-AADC-4F24F32484F9}.Debug|x86.ActiveCfg = Debug|Any CPU
		{805EDFD1-70AA-4FBB-AADC-4F24F32484F9}.Debug|x86.Build.0 = Debug|Any CPU
		{805EDFD1-70AA-4FBB-AADC-4F24F32484F9}.Release|Any CPU.ActiveCfg = Release|Any CPU
		{805EDFD1-70AA-4FBB-AADC-4F24F32484F9}.Release|Any CPU.Build.0 = Release|Any CPU
		{805EDFD1-70AA-4FBB-AADC-4F24F32484F9}.Release|x64.ActiveCfg = Release|Any CPU
		{805EDFD1-70AA-4FBB-AADC-4F24F32484F9}.Release|x64.Build.0 = Release|Any CPU
		{805EDFD1-70AA-4FBB-AADC-4F24F32484F9}.Release|x86.ActiveCfg = Release|Any CPU
		{805EDFD1-70AA-4FBB-AADC-4F24F32484F9}.Release|x86.Build.0 = Release|Any CPU
		{282743D9-2F13-43F1-9617-52CA5BD52F1F}.Debug|Any CPU.ActiveCfg = Debug|Any CPU
		{282743D9-2F13-43F1-9617-52CA5BD52F1F}.Debug|Any CPU.Build.0 = Debug|Any CPU
		{282743D9-2F13-43F1-9617-52CA5BD52F1F}.Debug|x64.ActiveCfg = Debug|Any CPU
		{282743D9-2F13-43F1-9617-52CA5BD52F1F}.Debug|x64.Build.0 = Debug|Any CPU
		{282743D9-2F13-43F1-9617-52CA5BD52F1F}.Debug|x86.ActiveCfg = Debug|Any CPU
		{282743D9-2F13-43F1-9617-52CA5BD52F1F}.Debug|x86.Build.0 = Debug|Any CPU
		{282743D9-2F13-43F1-9617-52CA5BD52F1F}.Release|Any CPU.ActiveCfg = Release|Any CPU
		{282743D9-2F13-43F1-9617-52CA5BD52F1F}.Release|Any CPU.Build.0 = Release|Any CPU
		{282743D9-2F13-43F1-9617-52CA5BD52F1F}.Release|x64.ActiveCfg = Release|Any CPU
		{282743D9-2F13-43F1-9617-52CA5BD52F1F}.Release|x64.Build.0 = Release|Any CPU
		{282743D9-2F13-43F1-9617-52CA5BD52F1F}.Release|x86.ActiveCfg = Release|Any CPU
		{282743D9-2F13-43F1-9617-52CA5BD52F1F}.Release|x86.Build.0 = Release|Any CPU
		{E4714ED0-4695-4543-B02E-87C537A2F72C}.Debug|Any CPU.ActiveCfg = Debug|Any CPU
		{E4714ED0-4695-4543-B02E-87C537A2F72C}.Debug|Any CPU.Build.0 = Debug|Any CPU
		{E4714ED0-4695-4543-B02E-87C537A2F72C}.Debug|x64.ActiveCfg = Debug|Any CPU
		{E4714ED0-4695-4543-B02E-87C537A2F72C}.Debug|x64.Build.0 = Debug|Any CPU
		{E4714ED0-4695-4543-B02E-87C537A2F72C}.Debug|x86.ActiveCfg = Debug|Any CPU
		{E4714ED0-4695-4543-B02E-87C537A2F72C}.Debug|x86.Build.0 = Debug|Any CPU
		{E4714ED0-4695-4543-B02E-87C537A2F72C}.Release|Any CPU.ActiveCfg = Release|Any CPU
		{E4714ED0-4695-4543-B02E-87C537A2F72C}.Release|Any CPU.Build.0 = Release|Any CPU
		{E4714ED0-4695-4543-B02E-87C537A2F72C}.Release|x64.ActiveCfg = Release|Any CPU
		{E4714ED0-4695-4543-B02E-87C537A2F72C}.Release|x64.Build.0 = Release|Any CPU
		{E4714ED0-4695-4543-B02E-87C537A2F72C}.Release|x86.ActiveCfg = Release|Any CPU
		{E4714ED0-4695-4543-B02E-87C537A2F72C}.Release|x86.Build.0 = Release|Any CPU
		{DE60493D-1D3F-4489-97E7-FF9C51D36DA1}.Debug|Any CPU.ActiveCfg = Debug|Any CPU
		{DE60493D-1D3F-4489-97E7-FF9C51D36DA1}.Debug|Any CPU.Build.0 = Debug|Any CPU
		{DE60493D-1D3F-4489-97E7-FF9C51D36DA1}.Debug|x64.ActiveCfg = Debug|Any CPU
		{DE60493D-1D3F-4489-97E7-FF9C51D36DA1}.Debug|x64.Build.0 = Debug|Any CPU
		{DE60493D-1D3F-4489-97E7-FF9C51D36DA1}.Debug|x86.ActiveCfg = Debug|Any CPU
		{DE60493D-1D3F-4489-97E7-FF9C51D36DA1}.Debug|x86.Build.0 = Debug|Any CPU
		{DE60493D-1D3F-4489-97E7-FF9C51D36DA1}.Release|Any CPU.ActiveCfg = Release|Any CPU
		{DE60493D-1D3F-4489-97E7-FF9C51D36DA1}.Release|Any CPU.Build.0 = Release|Any CPU
		{DE60493D-1D3F-4489-97E7-FF9C51D36DA1}.Release|x64.ActiveCfg = Release|Any CPU
		{DE60493D-1D3F-4489-97E7-FF9C51D36DA1}.Release|x64.Build.0 = Release|Any CPU
		{DE60493D-1D3F-4489-97E7-FF9C51D36DA1}.Release|x86.ActiveCfg = Release|Any CPU
		{DE60493D-1D3F-4489-97E7-FF9C51D36DA1}.Release|x86.Build.0 = Release|Any CPU
		{9825966C-6D32-47F6-9C40-4A50EBB6DBC0}.Debug|Any CPU.ActiveCfg = Debug|Any CPU
		{9825966C-6D32-47F6-9C40-4A50EBB6DBC0}.Debug|Any CPU.Build.0 = Debug|Any CPU
		{9825966C-6D32-47F6-9C40-4A50EBB6DBC0}.Debug|x64.ActiveCfg = Debug|Any CPU
		{9825966C-6D32-47F6-9C40-4A50EBB6DBC0}.Debug|x64.Build.0 = Debug|Any CPU
		{9825966C-6D32-47F6-9C40-4A50EBB6DBC0}.Debug|x86.ActiveCfg = Debug|Any CPU
		{9825966C-6D32-47F6-9C40-4A50EBB6DBC0}.Debug|x86.Build.0 = Debug|Any CPU
		{9825966C-6D32-47F6-9C40-4A50EBB6DBC0}.Release|Any CPU.ActiveCfg = Release|Any CPU
		{9825966C-6D32-47F6-9C40-4A50EBB6DBC0}.Release|Any CPU.Build.0 = Release|Any CPU
		{9825966C-6D32-47F6-9C40-4A50EBB6DBC0}.Release|x64.ActiveCfg = Release|Any CPU
		{9825966C-6D32-47F6-9C40-4A50EBB6DBC0}.Release|x64.Build.0 = Release|Any CPU
		{9825966C-6D32-47F6-9C40-4A50EBB6DBC0}.Release|x86.ActiveCfg = Release|Any CPU
		{9825966C-6D32-47F6-9C40-4A50EBB6DBC0}.Release|x86.Build.0 = Release|Any CPU
		{48E7E6FF-5098-42DE-9606-C2447ED88150}.Debug|Any CPU.ActiveCfg = Debug|Any CPU
		{48E7E6FF-5098-42DE-9606-C2447ED88150}.Debug|Any CPU.Build.0 = Debug|Any CPU
		{48E7E6FF-5098-42DE-9606-C2447ED88150}.Debug|x64.ActiveCfg = Debug|Any CPU
		{48E7E6FF-5098-42DE-9606-C2447ED88150}.Debug|x64.Build.0 = Debug|Any CPU
		{48E7E6FF-5098-42DE-9606-C2447ED88150}.Debug|x86.ActiveCfg = Debug|Any CPU
		{48E7E6FF-5098-42DE-9606-C2447ED88150}.Debug|x86.Build.0 = Debug|Any CPU
		{48E7E6FF-5098-42DE-9606-C2447ED88150}.Release|Any CPU.ActiveCfg = Release|Any CPU
		{48E7E6FF-5098-42DE-9606-C2447ED88150}.Release|Any CPU.Build.0 = Release|Any CPU
		{48E7E6FF-5098-42DE-9606-C2447ED88150}.Release|x64.ActiveCfg = Release|Any CPU
		{48E7E6FF-5098-42DE-9606-C2447ED88150}.Release|x64.Build.0 = Release|Any CPU
		{48E7E6FF-5098-42DE-9606-C2447ED88150}.Release|x86.ActiveCfg = Release|Any CPU
		{48E7E6FF-5098-42DE-9606-C2447ED88150}.Release|x86.Build.0 = Release|Any CPU
		{D39F7CB7-7DE9-4620-B65B-3DDEDF73F081}.Debug|Any CPU.ActiveCfg = Debug|Any CPU
		{D39F7CB7-7DE9-4620-B65B-3DDEDF73F081}.Debug|Any CPU.Build.0 = Debug|Any CPU
		{D39F7CB7-7DE9-4620-B65B-3DDEDF73F081}.Debug|x64.ActiveCfg = Debug|Any CPU
		{D39F7CB7-7DE9-4620-B65B-3DDEDF73F081}.Debug|x64.Build.0 = Debug|Any CPU
		{D39F7CB7-7DE9-4620-B65B-3DDEDF73F081}.Debug|x86.ActiveCfg = Debug|Any CPU
		{D39F7CB7-7DE9-4620-B65B-3DDEDF73F081}.Debug|x86.Build.0 = Debug|Any CPU
		{D39F7CB7-7DE9-4620-B65B-3DDEDF73F081}.Release|Any CPU.ActiveCfg = Release|Any CPU
		{D39F7CB7-7DE9-4620-B65B-3DDEDF73F081}.Release|Any CPU.Build.0 = Release|Any CPU
		{D39F7CB7-7DE9-4620-B65B-3DDEDF73F081}.Release|x64.ActiveCfg = Release|Any CPU
		{D39F7CB7-7DE9-4620-B65B-3DDEDF73F081}.Release|x64.Build.0 = Release|Any CPU
		{D39F7CB7-7DE9-4620-B65B-3DDEDF73F081}.Release|x86.ActiveCfg = Release|Any CPU
		{D39F7CB7-7DE9-4620-B65B-3DDEDF73F081}.Release|x86.Build.0 = Release|Any CPU
		{3993AC4C-0BA2-4550-B42C-0D7BF14B5E04}.Debug|Any CPU.ActiveCfg = Debug|Any CPU
		{3993AC4C-0BA2-4550-B42C-0D7BF14B5E04}.Debug|Any CPU.Build.0 = Debug|Any CPU
		{3993AC4C-0BA2-4550-B42C-0D7BF14B5E04}.Debug|x64.ActiveCfg = Debug|Any CPU
		{3993AC4C-0BA2-4550-B42C-0D7BF14B5E04}.Debug|x64.Build.0 = Debug|Any CPU
		{3993AC4C-0BA2-4550-B42C-0D7BF14B5E04}.Debug|x86.ActiveCfg = Debug|Any CPU
		{3993AC4C-0BA2-4550-B42C-0D7BF14B5E04}.Debug|x86.Build.0 = Debug|Any CPU
		{3993AC4C-0BA2-4550-B42C-0D7BF14B5E04}.Release|Any CPU.ActiveCfg = Release|Any CPU
		{3993AC4C-0BA2-4550-B42C-0D7BF14B5E04}.Release|Any CPU.Build.0 = Release|Any CPU
		{3993AC4C-0BA2-4550-B42C-0D7BF14B5E04}.Release|x64.ActiveCfg = Release|Any CPU
		{3993AC4C-0BA2-4550-B42C-0D7BF14B5E04}.Release|x64.Build.0 = Release|Any CPU
		{3993AC4C-0BA2-4550-B42C-0D7BF14B5E04}.Release|x86.ActiveCfg = Release|Any CPU
		{3993AC4C-0BA2-4550-B42C-0D7BF14B5E04}.Release|x86.Build.0 = Release|Any CPU
		{EC5333B9-651B-4D10-A6E8-66D3709209AF}.Debug|Any CPU.ActiveCfg = Debug|Any CPU
		{EC5333B9-651B-4D10-A6E8-66D3709209AF}.Debug|Any CPU.Build.0 = Debug|Any CPU
		{EC5333B9-651B-4D10-A6E8-66D3709209AF}.Debug|x64.ActiveCfg = Debug|Any CPU
		{EC5333B9-651B-4D10-A6E8-66D3709209AF}.Debug|x64.Build.0 = Debug|Any CPU
		{EC5333B9-651B-4D10-A6E8-66D3709209AF}.Debug|x86.ActiveCfg = Debug|Any CPU
		{EC5333B9-651B-4D10-A6E8-66D3709209AF}.Debug|x86.Build.0 = Debug|Any CPU
		{EC5333B9-651B-4D10-A6E8-66D3709209AF}.Release|Any CPU.ActiveCfg = Release|Any CPU
		{EC5333B9-651B-4D10-A6E8-66D3709209AF}.Release|Any CPU.Build.0 = Release|Any CPU
		{EC5333B9-651B-4D10-A6E8-66D3709209AF}.Release|x64.ActiveCfg = Release|Any CPU
		{EC5333B9-651B-4D10-A6E8-66D3709209AF}.Release|x64.Build.0 = Release|Any CPU
		{EC5333B9-651B-4D10-A6E8-66D3709209AF}.Release|x86.ActiveCfg = Release|Any CPU
		{EC5333B9-651B-4D10-A6E8-66D3709209AF}.Release|x86.Build.0 = Release|Any CPU
		{6315AEC0-EFC8-95A8-45E5-75EEEF3AA1D5}.Debug|Any CPU.ActiveCfg = Debug|Any CPU
		{6315AEC0-EFC8-95A8-45E5-75EEEF3AA1D5}.Debug|Any CPU.Build.0 = Debug|Any CPU
		{6315AEC0-EFC8-95A8-45E5-75EEEF3AA1D5}.Debug|x64.ActiveCfg = Debug|Any CPU
		{6315AEC0-EFC8-95A8-45E5-75EEEF3AA1D5}.Debug|x64.Build.0 = Debug|Any CPU
		{6315AEC0-EFC8-95A8-45E5-75EEEF3AA1D5}.Debug|x86.ActiveCfg = Debug|Any CPU
		{6315AEC0-EFC8-95A8-45E5-75EEEF3AA1D5}.Debug|x86.Build.0 = Debug|Any CPU
		{6315AEC0-EFC8-95A8-45E5-75EEEF3AA1D5}.Release|Any CPU.ActiveCfg = Release|Any CPU
		{6315AEC0-EFC8-95A8-45E5-75EEEF3AA1D5}.Release|Any CPU.Build.0 = Release|Any CPU
		{6315AEC0-EFC8-95A8-45E5-75EEEF3AA1D5}.Release|x64.ActiveCfg = Release|Any CPU
		{6315AEC0-EFC8-95A8-45E5-75EEEF3AA1D5}.Release|x64.Build.0 = Release|Any CPU
		{6315AEC0-EFC8-95A8-45E5-75EEEF3AA1D5}.Release|x86.ActiveCfg = Release|Any CPU
		{6315AEC0-EFC8-95A8-45E5-75EEEF3AA1D5}.Release|x86.Build.0 = Release|Any CPU
	EndGlobalSection
	GlobalSection(SolutionProperties) = preSolution
		HideSolutionNode = FALSE
	EndGlobalSection
	GlobalSection(NestedProjects) = preSolution
		{FAE1F62D-459E-41B5-9DA1-BA043971C822} = {2477CBDA-F36C-49EB-B03F-A4FE644450F9}
		{392CBA1C-C6C8-40A0-B561-5D76CE4EF703} = {2477CBDA-F36C-49EB-B03F-A4FE644450F9}
		{805EDFD1-70AA-4FBB-AADC-4F24F32484F9} = {2477CBDA-F36C-49EB-B03F-A4FE644450F9}
		{282743D9-2F13-43F1-9617-52CA5BD52F1F} = {2477CBDA-F36C-49EB-B03F-A4FE644450F9}
		{E4714ED0-4695-4543-B02E-87C537A2F72C} = {2477CBDA-F36C-49EB-B03F-A4FE644450F9}
		{DE60493D-1D3F-4489-97E7-FF9C51D36DA1} = {2E9A83DD-3E1E-40C3-91E8-6D83B0E18633}
		{9825966C-6D32-47F6-9C40-4A50EBB6DBC0} = {2E9A83DD-3E1E-40C3-91E8-6D83B0E18633}
		{48E7E6FF-5098-42DE-9606-C2447ED88150} = {2E9A83DD-3E1E-40C3-91E8-6D83B0E18633}
		{D39F7CB7-7DE9-4620-B65B-3DDEDF73F081} = {2E9A83DD-3E1E-40C3-91E8-6D83B0E18633}
		{3993AC4C-0BA2-4550-B42C-0D7BF14B5E04} = {2477CBDA-F36C-49EB-B03F-A4FE644450F9}
		{EC5333B9-651B-4D10-A6E8-66D3709209AF} = {2477CBDA-F36C-49EB-B03F-A4FE644450F9}
		{6315AEC0-EFC8-95A8-45E5-75EEEF3AA1D5} = {2E9A83DD-3E1E-40C3-91E8-6D83B0E18633}
	EndGlobalSection
	GlobalSection(ExtensibilityGlobals) = postSolution
		SolutionGuid = {063B5649-8A1C-47F3-A526-99F727FE377F}
	EndGlobalSection
EndGlobal
